PODS:
  - Alamofire (5.8.1)
  - Kingfisher (7.10.2)
  - MBProgressHUD (1.2.0)
  - netfox (1.21.0)
  - SwiftMessages (9.0.9):
    - SwiftMessages/App (= 9.0.9)
  - SwiftMessages/App (9.0.9)

DEPENDENCIES:
  - Alamofire
  - Kingfisher
  - MBProgressHUD
  - netfox
  - SwiftMessages

SPEC REPOS:
  trunk:
    - Alamofire
    - Kingfisher
    - MBProgressHUD
    - netfox
    - SwiftMessages

SPEC CHECKSUMS:
  Alamofire: 3ca42e259043ee0dc5c0cdd76c4bc568b8e42af7
  Kingfisher: 99edc495d3b7607e6425f0d6f6847b2abd6d716d
  MBProgressHUD: 3ee5efcc380f6a79a7cc9b363dd669c5e1ae7406
  netfox: 9d5cc727fe7576c4c7688a2504618a156b7d44b7
  SwiftMessages: 1a23aef303fa7bb26ad802880746cf8358e378fe

PODFILE CHECKSUM: 9a532debb7d28689ab56e1f2362b935c1af954ae

COCOAPODS: 1.14.3
